# THIS IS AN AUTOGENERATED FILE. DO NOT EDIT THIS FILE DIRECTLY.
# yarn lockfile v1


anymatch@~3.1.1:
  version "3.1.1"
  resolved "https://repo.theplatform.com:443/artifactory/api/npm/npm-tp/anymatch/-/anymatch-3.1.1.tgz#c55ecf02185e2469259399310c173ce31233b142"
  integrity sha1-xV7PAhheJGklk5kxDBc84xIzsUI=
  dependencies:
    normalize-path "^3.0.0"
    picomatch "^2.0.4"

async-limiter@~1.0.0:
  version "1.0.1"
  resolved "https://repo.theplatform.com:443/artifactory/api/npm/npm-tp/async-limiter/-/async-limiter-1.0.1.tgz#dd379e94f0db8310b08291f9d64c3209766617fd"
  integrity sha1-3TeelPDbgxCwgpH51kwyCXZmF/0=

binary-extensions@^2.0.0:
  version "2.0.0"
  resolved "https://repo.theplatform.com:443/artifactory/api/npm/npm-tp/binary-extensions/-/binary-extensions-2.0.0.tgz#23c0df14f6a88077f5f986c0d167ec03c3d5537c"
  integrity sha1-I8DfFPaogHf1+YbA0WfsA8PVU3w=

braces@~3.0.2:
  version "3.0.2"
  resolved "https://repo.theplatform.com:443/artifactory/api/npm/npm-tp/braces/-/braces-3.0.2.tgz#3454e1a462ee8d599e236df336cd9ea4f8afe107"
  integrity sha1-NFThpGLujVmeI23zNs2epPiv4Qc=
  dependencies:
    fill-range "^7.0.1"

chokidar@^3.3.0:
  version "3.4.0"
  resolved "https://repo.theplatform.com:443/artifactory/api/npm/npm-tp/chokidar/-/chokidar-3.4.0.tgz#b30611423ce376357c765b9b8f904b9fba3c0be8"
  integrity sha1-swYRQjzjdjV8dlubj5BLn7o8C+g=
  dependencies:
    anymatch "~3.1.1"
    braces "~3.0.2"
    glob-parent "~5.1.0"
    is-binary-path "~2.1.0"
    is-glob "~4.0.1"
    normalize-path "~3.0.0"
    readdirp "~3.4.0"
  optionalDependencies:
    fsevents "~2.1.2"

commander@2:
  version "2.20.3"
  resolved "https://repo.theplatform.com:443/artifactory/api/npm/npm-tp/commander/-/commander-2.20.3.tgz#fd485e84c03eb4881c20722ba48035e8531aeb33"
  integrity sha1-/UhehMA+tIgcIHIrpIA16FMa6zM=

d3-array@1, d3-array@^1.1.1, d3-array@^1.2.0:
  version "1.2.4"
  resolved "https://repo.theplatform.com:443/artifactory/api/npm/npm-tp/d3-array/-/d3-array-1.2.4.tgz#635ce4d5eea759f6f605863dbcfc30edc737f71f"
  integrity sha1-Y1zk1e6nWfb2BYY9vPww7cc39x8=

d3-axis@1:
  version "1.0.12"
  resolved "https://repo.theplatform.com:443/artifactory/api/npm/npm-tp/d3-axis/-/d3-axis-1.0.12.tgz#cdf20ba210cfbb43795af33756886fb3638daac9"
  integrity sha1-zfILohDPu0N5WvM3Vohvs2ONqsk=

d3-brush@1:
  version "1.1.5"
  resolved "https://repo.theplatform.com:443/artifactory/api/npm/npm-tp/d3-brush/-/d3-brush-1.1.5.tgz#066b8e84d17b192986030446c97c0fba7e1bacdc"
  integrity sha1-BmuOhNF7GSmGAwRGyXwPun4brNw=
  dependencies:
    d3-dispatch "1"
    d3-drag "1"
    d3-interpolate "1"
    d3-selection "1"
    d3-transition "1"

d3-chord@1:
  version "1.0.6"
  resolved "https://repo.theplatform.com:443/artifactory/api/npm/npm-tp/d3-chord/-/d3-chord-1.0.6.tgz#309157e3f2db2c752f0280fedd35f2067ccbb15f"
  integrity sha1-MJFX4/LbLHUvAoD+3TXyBnzLsV8=
  dependencies:
    d3-array "1"
    d3-path "1"

d3-collection@1:
  version "1.0.7"
  resolved "https://repo.theplatform.com:443/artifactory/api/npm/npm-tp/d3-collection/-/d3-collection-1.0.7.tgz#349bd2aa9977db071091c13144d5e4f16b5b310e"
  integrity sha1-NJvSqpl32wcQkcExRNXk8WtbMQ4=

d3-color@1:
  version "1.4.1"
  resolved "https://repo.theplatform.com:443/artifactory/api/npm/npm-tp/d3-color/-/d3-color-1.4.1.tgz#c52002bf8846ada4424d55d97982fef26eb3bc8a"
  integrity sha1-xSACv4hGraRCTVXZeYL+8m6zvIo=

d3-contour@1:
  version "1.3.2"
  resolved "https://repo.theplatform.com:443/artifactory/api/npm/npm-tp/d3-contour/-/d3-contour-1.3.2.tgz#652aacd500d2264cb3423cee10db69f6f59bead3"
  integrity sha1-ZSqs1QDSJkyzQjzuENtp9vWb6tM=
  dependencies:
    d3-array "^1.1.1"

d3-dispatch@1:
  version "1.0.6"
  resolved "https://repo.theplatform.com:443/artifactory/api/npm/npm-tp/d3-dispatch/-/d3-dispatch-1.0.6.tgz#00d37bcee4dd8cd97729dd893a0ac29caaba5d58"
  integrity sha1-ANN7zuTdjNl3Kd2JOgrCnKq6XVg=

d3-drag@1:
  version "1.2.5"
  resolved "https://repo.theplatform.com:443/artifactory/api/npm/npm-tp/d3-drag/-/d3-drag-1.2.5.tgz#2537f451acd39d31406677b7dc77c82f7d988f70"
  integrity sha1-JTf0UazTnTFAZne33HfIL32Yj3A=
  dependencies:
    d3-dispatch "1"
    d3-selection "1"

d3-dsv@1:
  version "1.2.0"
  resolved "https://repo.theplatform.com:443/artifactory/api/npm/npm-tp/d3-dsv/-/d3-dsv-1.2.0.tgz#9d5f75c3a5f8abd611f74d3f5847b0d4338b885c"
  integrity sha1-nV91w6X4q9YR900/WEew1DOLiFw=
  dependencies:
    commander "2"
    iconv-lite "0.4"
    rw "1"

d3-ease@1:
  version "1.0.6"
  resolved "https://repo.theplatform.com:443/artifactory/api/npm/npm-tp/d3-ease/-/d3-ease-1.0.6.tgz#ebdb6da22dfac0a22222f2d4da06f66c416a0ec0"
  integrity sha1-69ttoi36wKIiIvLU2gb2bEFqDsA=

d3-fetch@1:
  version "1.1.2"
  resolved "https://repo.theplatform.com:443/artifactory/api/npm/npm-tp/d3-fetch/-/d3-fetch-1.1.2.tgz#957c8fbc6d4480599ba191b1b2518bf86b3e1be2"
  integrity sha1-lXyPvG1EgFmboZGxslGL+Gs+G+I=
  dependencies:
    d3-dsv "1"

d3-force@1:
  version "1.2.1"
  resolved "https://repo.theplatform.com:443/artifactory/api/npm/npm-tp/d3-force/-/d3-force-1.2.1.tgz#fd29a5d1ff181c9e7f0669e4bd72bdb0e914ec0b"
  integrity sha1-/Sml0f8YHJ5/BmnkvXK9sOkU7As=
  dependencies:
    d3-collection "1"
    d3-dispatch "1"
    d3-quadtree "1"
    d3-timer "1"

d3-format@1:
  version "1.4.4"
  resolved "https://repo.theplatform.com:443/artifactory/api/npm/npm-tp/d3-format/-/d3-format-1.4.4.tgz#356925f28d0fd7c7983bfad593726fce46844030"
  integrity sha1-NWkl8o0P18eYO/rVk3JvzkaEQDA=

d3-geo@1:
  version "1.12.0"
  resolved "https://repo.theplatform.com:443/artifactory/api/npm/npm-tp/d3-geo/-/d3-geo-1.12.0.tgz#58ddbdf4d9db5f199db69d1b7c93dca6454a6f24"
  integrity sha1-WN299NnbXxmdtp0bfJPcpkVKbyQ=
  dependencies:
    d3-array "1"

d3-hierarchy@1:
  version "1.1.9"
  resolved "https://repo.theplatform.com:443/artifactory/api/npm/npm-tp/d3-hierarchy/-/d3-hierarchy-1.1.9.tgz#2f6bee24caaea43f8dc37545fa01628559647a83"
  integrity sha1-L2vuJMqupD+Nw3VF+gFihVlkeoM=

d3-interpolate@1:
  version "1.4.0"
  resolved "https://repo.theplatform.com:443/artifactory/api/npm/npm-tp/d3-interpolate/-/d3-interpolate-1.4.0.tgz#526e79e2d80daa383f9e0c1c1c7dcc0f0583e987"
  integrity sha1-Um554tgNqjg/ngwcHH3MDwWD6Yc=
  dependencies:
    d3-color "1"

d3-path@1:
  version "1.0.9"
  resolved "https://repo.theplatform.com:443/artifactory/api/npm/npm-tp/d3-path/-/d3-path-1.0.9.tgz#48c050bb1fe8c262493a8caf5524e3e9591701cf"
  integrity sha1-SMBQux/owmJJOoyvVSTj6VkXAc8=

d3-polygon@1:
  version "1.0.6"
  resolved "https://repo.theplatform.com:443/artifactory/api/npm/npm-tp/d3-polygon/-/d3-polygon-1.0.6.tgz#0bf8cb8180a6dc107f518ddf7975e12abbfbd38e"
  integrity sha1-C/jLgYCm3BB/UY3feXXhKrv7044=

d3-quadtree@1:
  version "1.0.7"
  resolved "https://repo.theplatform.com:443/artifactory/api/npm/npm-tp/d3-quadtree/-/d3-quadtree-1.0.7.tgz#ca8b84df7bb53763fe3c2f24bd435137f4e53135"
  integrity sha1-youE33u1N2P+PC8kvUNRN/TlMTU=

d3-random@1:
  version "1.1.2"
  resolved "https://repo.theplatform.com:443/artifactory/api/npm/npm-tp/d3-random/-/d3-random-1.1.2.tgz#2833be7c124360bf9e2d3fd4f33847cfe6cab291"
  integrity sha1-KDO+fBJDYL+eLT/U8zhHz+bKspE=

d3-scale-chromatic@1:
  version "1.5.0"
  resolved "https://repo.theplatform.com:443/artifactory/api/npm/npm-tp/d3-scale-chromatic/-/d3-scale-chromatic-1.5.0.tgz#54e333fc78212f439b14641fb55801dd81135a98"
  integrity sha1-VOMz/HghL0ObFGQftVgB3YETWpg=
  dependencies:
    d3-color "1"
    d3-interpolate "1"

d3-scale@2:
  version "2.2.2"
  resolved "https://repo.theplatform.com:443/artifactory/api/npm/npm-tp/d3-scale/-/d3-scale-2.2.2.tgz#4e880e0b2745acaaddd3ede26a9e908a9e17b81f"
  integrity sha1-TogOCydFrKrd0+3iap6Qip4XuB8=
  dependencies:
    d3-array "^1.2.0"
    d3-collection "1"
    d3-format "1"
    d3-interpolate "1"
    d3-time "1"
    d3-time-format "2"

d3-selection@1, d3-selection@^1.1.0:
  version "1.4.1"
  resolved "https://repo.theplatform.com:443/artifactory/api/npm/npm-tp/d3-selection/-/d3-selection-1.4.1.tgz#98eedbbe085fbda5bafa2f9e3f3a2f4d7d622a98"
  integrity sha1-mO7bvghfvaW6+i+ePzovTX1iKpg=

d3-shape@1:
  version "1.3.7"
  resolved "https://repo.theplatform.com:443/artifactory/api/npm/npm-tp/d3-shape/-/d3-shape-1.3.7.tgz#df63801be07bc986bc54f63789b4fe502992b5d7"
  integrity sha1-32OAG+B7yYa8VPY3ibT+UCmStdc=
  dependencies:
    d3-path "1"

d3-time-format@2:
  version "2.2.3"
  resolved "https://repo.theplatform.com:443/artifactory/api/npm/npm-tp/d3-time-format/-/d3-time-format-2.2.3.tgz#0c9a12ee28342b2037e5ea1cf0b9eb4dd75f29cb"
  integrity sha1-DJoS7ig0KyA35eoc8LnrTddfKcs=
  dependencies:
    d3-time "1"

d3-time@1:
  version "1.1.0"
  resolved "https://repo.theplatform.com:443/artifactory/api/npm/npm-tp/d3-time/-/d3-time-1.1.0.tgz#b1e19d307dae9c900b7e5b25ffc5dcc249a8a0f1"
  integrity sha1-seGdMH2unJALflsl/8XcwkmooPE=

d3-timer@1:
  version "1.0.10"
  resolved "https://repo.theplatform.com:443/artifactory/api/npm/npm-tp/d3-timer/-/d3-timer-1.0.10.tgz#dfe76b8a91748831b13b6d9c793ffbd508dd9de5"
  integrity sha1-3+dripF0iDGxO22ceT/71QjdneU=

d3-transition@1:
  version "1.3.2"
  resolved "https://repo.theplatform.com:443/artifactory/api/npm/npm-tp/d3-transition/-/d3-transition-1.3.2.tgz#a98ef2151be8d8600543434c1ca80140ae23b398"
  integrity sha1-qY7yFRvo2GAFQ0NMHKgBQK4js5g=
  dependencies:
    d3-color "1"
    d3-dispatch "1"
    d3-ease "1"
    d3-interpolate "1"
    d3-selection "^1.1.0"
    d3-timer "1"

d3-voronoi@1:
  version "1.1.4"
  resolved "https://repo.theplatform.com:443/artifactory/api/npm/npm-tp/d3-voronoi/-/d3-voronoi-1.1.4.tgz#dd3c78d7653d2bb359284ae478645d95944c8297"
  integrity sha1-3Tx412U9K7NZKErkeGRdlZRMgpc=

d3-zoom@1:
  version "1.8.3"
  resolved "https://repo.theplatform.com:443/artifactory/api/npm/npm-tp/d3-zoom/-/d3-zoom-1.8.3.tgz#b6a3dbe738c7763121cd05b8a7795ffe17f4fc0a"
  integrity sha1-tqPb5zjHdjEhzQW4p3lf/hf0/Ao=
  dependencies:
    d3-dispatch "1"
    d3-drag "1"
    d3-interpolate "1"
    d3-selection "1"
    d3-transition "1"

d3@^5.16.0:
  version "5.16.0"
  resolved "https://repo.theplatform.com:443/artifactory/api/npm/npm-tp/d3/-/d3-5.16.0.tgz#9c5e8d3b56403c79d4ed42fbd62f6113f199c877"
  integrity sha1-nF6NO1ZAPHnU7UL71i9hE/GZyHc=
  dependencies:
    d3-array "1"
    d3-axis "1"
    d3-brush "1"
    d3-chord "1"
    d3-collection "1"
    d3-color "1"
    d3-contour "1"
    d3-dispatch "1"
    d3-drag "1"
    d3-dsv "1"
    d3-ease "1"
    d3-fetch "1"
    d3-force "1"
    d3-format "1"
    d3-geo "1"
    d3-hierarchy "1"
    d3-interpolate "1"
    d3-path "1"
    d3-polygon "1"
    d3-quadtree "1"
    d3-random "1"
    d3-scale "2"
    d3-scale-chromatic "1"
    d3-selection "1"
    d3-shape "1"
    d3-time "1"
    d3-time-format "2"
    d3-timer "1"
    d3-transition "1"
    d3-voronoi "1"
    d3-zoom "1"

fill-range@^7.0.1:
  version "7.0.1"
  resolved "https://repo.theplatform.com:443/artifactory/api/npm/npm-tp/fill-range/-/fill-range-7.0.1.tgz#1919a6a7c75fe38b2c7c77e5198535da9acdda40"
  integrity sha1-GRmmp8df44ssfHflGYU12prN2kA=
  dependencies:
    to-regex-range "^5.0.1"

fsevents@~2.1.2:
  version "2.1.3"
  resolved "https://repo.theplatform.com:443/artifactory/api/npm/npm-tp/fsevents/-/fsevents-2.1.3.tgz#fb738703ae8d2f9fe900c33836ddebee8b97f23e"
  integrity sha1-+3OHA66NL5/pAMM4Nt3r7ouX8j4=

glob-parent@~5.1.0:
  version "5.1.1"
  resolved "https://repo.theplatform.com:443/artifactory/api/npm/npm-tp/glob-parent/-/glob-parent-5.1.1.tgz#b6c1ef417c4e5663ea498f1c45afac6916bbc229"
  integrity sha1-tsHvQXxOVmPqSY8cRa+saRa7wik=
  dependencies:
    is-glob "^4.0.1"

iconv-lite@0.4:
  version "0.4.24"
  resolved "https://repo.theplatform.com:443/artifactory/api/npm/npm-tp/iconv-lite/-/iconv-lite-0.4.24.tgz#2022b4b25fbddc21d2f524974a474aafe733908b"
  integrity sha1-ICK0sl+93CHS9SSXSkdKr+czkIs=
  dependencies:
    safer-buffer ">= 2.1.2 < 3"

is-binary-path@~2.1.0:
  version "2.1.0"
  resolved "https://repo.theplatform.com:443/artifactory/api/npm/npm-tp/is-binary-path/-/is-binary-path-2.1.0.tgz#ea1f7f3b80f064236e83470f86c09c254fb45b09"
  integrity sha1-6h9/O4DwZCNug0cPhsCcJU+0Wwk=
  dependencies:
    binary-extensions "^2.0.0"

is-extglob@^2.1.1:
  version "2.1.1"
  resolved "https://repo.theplatform.com:443/artifactory/api/npm/npm-tp/is-extglob/-/is-extglob-2.1.1.tgz#a88c02535791f02ed37c76a1b9ea9773c833f8c2"
  integrity sha1-qIwCU1eR8C7TfHahueqXc8gz+MI=

is-glob@^4.0.1, is-glob@~4.0.1:
  version "4.0.1"
  resolved "https://repo.theplatform.com:443/artifactory/api/npm/npm-tp/is-glob/-/is-glob-4.0.1.tgz#7567dbe9f2f5e2467bc77ab83c4a29482407a5dc"
  integrity sha1-dWfb6fL14kZ7x3q4PEopSCQHpdw=
  dependencies:
    is-extglob "^2.1.1"

is-number@^7.0.0:
  version "7.0.0"
  resolved "https://repo.theplatform.com:443/artifactory/api/npm/npm-tp/is-number/-/is-number-7.0.0.tgz#7535345b896734d5f80c4d06c50955527a14f12b"
  integrity sha1-dTU0W4lnNNX4DE0GxQlVUnoU8Ss=

livereload-js@^3.1.0:
  version "3.2.2"
  resolved "https://repo.theplatform.com:443/artifactory/api/npm/npm-tp/livereload-js/-/livereload-js-3.2.2.tgz#fffb018fb8a8b06d366ca1b03af6048b8732d20f"
  integrity sha1-//sBj7iosG02bKGwOvYEi4cy0g8=

livereload@^0.9.1:
  version "0.9.1"
  resolved "https://repo.theplatform.com:443/artifactory/api/npm/npm-tp/livereload/-/livereload-0.9.1.tgz#65125dabdf2db4fd3f1169e953fe56e3bcc6f477"
  integrity sha1-ZRJdq98ttP0/EWnpU/5W47zG9Hc=
  dependencies:
    chokidar "^3.3.0"
    livereload-js "^3.1.0"
    opts ">= 1.2.0"
    ws "^6.2.1"

mime@>=2.0.3:
  version "2.4.5"
  resolved "https://repo.theplatform.com:443/artifactory/api/npm/npm-tp/mime/-/mime-2.4.5.tgz#d8de2ecb92982dedbb6541c9b6841d7f218ea009"
  integrity sha1-2N4uy5KYLe27ZUHJtoQdfyGOoAk=

normalize-path@^3.0.0, normalize-path@~3.0.0:
  version "3.0.0"
  resolved "https://repo.theplatform.com:443/artifactory/api/npm/npm-tp/normalize-path/-/normalize-path-3.0.0.tgz#0dcd69ff23a1c9b11fd0978316644a0388216a65"
  integrity sha1-Dc1p/yOhybEf0JeDFmRKA4ghamU=

opener@1:
  version "1.5.1"
  resolved "https://repo.theplatform.com:443/artifactory/api/npm/npm-tp/opener/-/opener-1.5.1.tgz#6d2f0e77f1a0af0032aca716c2c1fbb8e7e8abed"
  integrity sha1-bS8Od/GgrwAyrKcWwsH7uOfoq+0=

"opts@>= 1.2.0":
  version "1.2.7"
  resolved "https://repo.theplatform.com:443/artifactory/api/npm/npm-tp/opts/-/opts-1.2.7.tgz#4de4721d592c96901dae623a438c988e9ea7779f"
  integrity sha1-TeRyHVkslpAdrmI6Q4yYjp6nd58=

picomatch@^2.0.4, picomatch@^2.2.1:
  version "2.2.2"
  resolved "https://repo.theplatform.com:443/artifactory/api/npm/npm-tp/picomatch/-/picomatch-2.2.2.tgz#21f333e9b6b8eaff02468f5146ea406d345f4dad"
  integrity sha1-IfMz6ba46v8CRo9RRupAbTRfTa0=

readdirp@~3.4.0:
  version "3.4.0"
  resolved "https://repo.theplatform.com:443/artifactory/api/npm/npm-tp/readdirp/-/readdirp-3.4.0.tgz#9fdccdf9e9155805449221ac645e8303ab5b9ada"
  integrity sha1-n9zN+ekVWAVEkiGsZF6DA6tbmto=
  dependencies:
    picomatch "^2.2.1"

rollup-plugin-livereload@^1.3.0:
  version "1.3.0"
  resolved "https://repo.theplatform.com:443/artifactory/api/npm/npm-tp/rollup-plugin-livereload/-/rollup-plugin-livereload-1.3.0.tgz#8da90df13df6502b9d982997d6ac871092f15fdd"
  integrity sha1-jakN8T32UCudmCmX1qyHEJLxX90=
  dependencies:
    livereload "^0.9.1"

rollup-plugin-serve@^1.0.1:
  version "1.0.1"
  resolved "https://repo.theplatform.com:443/artifactory/api/npm/npm-tp/rollup-plugin-serve/-/rollup-plugin-serve-1.0.1.tgz#2da2a784a916c5564609c7696cd9dacdbf17f6cc"
  integrity sha1-LaKnhKkWxVZGCcdpbNnazb8X9sw=
  dependencies:
    mime ">=2.0.3"
    opener "1"

rollup@^2.10.0:
  version "2.10.0"
  resolved "https://repo.theplatform.com:443/artifactory/api/npm/npm-tp/rollup/-/rollup-2.10.0.tgz#73332273fa177cd85c1042659dee6f103761be0d"
  integrity sha1-czMic/oXfNhcEEJlne5vEDdhvg0=
  optionalDependencies:
    fsevents "~2.1.2"

rw@1:
  version "1.3.3"
  resolved "https://repo.theplatform.com:443/artifactory/api/npm/npm-tp/rw/-/rw-1.3.3.tgz#3f862dfa91ab766b14885ef4d01124bfda074fb4"
  integrity sha1-P4Yt+pGrdmsUiF700BEkv9oHT7Q=

"safer-buffer@>= 2.1.2 < 3":
  version "2.1.2"
  resolved "https://repo.theplatform.com:443/artifactory/api/npm/npm-tp/safer-buffer/-/safer-buffer-2.1.2.tgz#44fa161b0187b9549dd84bb91802f9bd8385cd6a"
  integrity sha1-RPoWGwGHuVSd2Eu5GAL5vYOFzWo=

to-regex-range@^5.0.1:
  version "5.0.1"
  resolved "https://repo.theplatform.com:443/artifactory/api/npm/npm-tp/to-regex-range/-/to-regex-range-5.0.1.tgz#1648c44aae7c8d988a326018ed72f5b4dd0392e4"
  integrity sha1-FkjESq58jZiKMmAY7XL1tN0DkuQ=
  dependencies:
    is-number "^7.0.0"

ws@^6.2.1:
  version "6.2.1"
  resolved "https://repo.theplatform.com:443/artifactory/api/npm/npm-tp/ws/-/ws-6.2.1.tgz#442fdf0a47ed64f59b6a5d8ff130f4748ed524fb"
  integrity sha1-RC/fCkftZPWbal2P8TD0dI7VJPs=
  dependencies:
    async-limiter "~1.0.0"
